// !$*UTF8*$!
{
	archiveVersion = 1;
	classes = {
	};
	objectVersion = 60;
	objects = {

/* Begin PBXBuildFile section */
		842194DE2C8C0999000B5D18 /* pianovApp.swift in Sources */ = {isa = PBXBuildFile; fileRef = 842194DD2C8C0999000B5D18 /* pianovApp.swift */; };
		842194E02C8C0999000B5D18 /* ContentView.swift in Sources */ = {isa = PBXBuildFile; fileRef = 842194DF2C8C0999000B5D18 /* ContentView.swift */; };
		842194E22C8C099B000B5D18 /* Assets.xcassets in Resources */ = {isa = PBXBuildFile; fileRef = 842194E12C8C099B000B5D18 /* Assets.xcassets */; };
		842194E52C8C099B000B5D18 /* Preview Assets.xcassets in Resources */ = {isa = PBXBuildFile; fileRef = 842194E42C8C099B000B5D18 /* Preview Assets.xcassets */; };
		842194EF2C8C099B000B5D18 /* pianovTests.swift in Sources */ = {isa = PBXBuildFile; fileRef = 842194EE2C8C099B000B5D18 /* pianovTests.swift */; };
		842194F92C8C099B000B5D18 /* pianovUITests.swift in Sources */ = {isa = PBXBuildFile; fileRef = 842194F82C8C099B000B5D18 /* pianovUITests.swift */; };
		842194FB2C8C099B000B5D18 /* pianovUITestsLaunchTests.swift in Sources */ = {isa = PBXBuildFile; fileRef = 842194FA2C8C099B000B5D18 /* pianovUITestsLaunchTests.swift */; };
		842195082C8C0BCA000B5D18 /* PianoViewModel.swift in Sources */ = {isa = PBXBuildFile; fileRef = 842195072C8C0BBF000B5D18 /* PianoViewModel.swift */; };
		8421950A2C8C0BF1000B5D18 /* PianoView.swift in Sources */ = {isa = PBXBuildFile; fileRef = 842195092C8C0BEC000B5D18 /* PianoView.swift */; };
		8421950C2C8C0CA5000B5D18 /* Mark-Northam-Married-Life-From-Up.mid in Resources */ = {isa = PBXBuildFile; fileRef = 8421950B2C8C0CA5000B5D18 /* Mark-Northam-Married-Life-From-Up.mid */; };
/* End PBXBuildFile section */

/* Begin PBXContainerItemProxy section */
		842194EB2C8C099B000B5D18 /* PBXContainerItemProxy */ = {
			isa = PBXContainerItemProxy;
			containerPortal = 842194D22C8C0999000B5D18 /* Project object */;
			proxyType = 1;
			remoteGlobalIDString = 842194D92C8C0999000B5D18;
			remoteInfo = pianov;
		};
		842194F52C8C099B000B5D18 /* PBXContainerItemProxy */ = {
			isa = PBXContainerItemProxy;
			containerPortal = 842194D22C8C0999000B5D18 /* Project object */;
			proxyType = 1;
			remoteGlobalIDString = 842194D92C8C0999000B5D18;
			remoteInfo = pianov;
		};
/* End PBXContainerItemProxy section */

/* Begin PBXFileReference section */
		842194DA2C8C0999000B5D18 /* pianov.app */ = {isa = PBXFileReference; explicitFileType = wrapper.application; includeInIndex = 0; path = pianov.app; sourceTree = BUILT_PRODUCTS_DIR; };
		842194DD2C8C0999000B5D18 /* pianovApp.swift */ = {isa = PBXFileReference; lastKnownFileType = sourcecode.swift; path = pianovApp.swift; sourceTree = "<group>"; };
		842194DF2C8C0999000B5D18 /* ContentView.swift */ = {isa = PBXFileReference; lastKnownFileType = sourcecode.swift; path = ContentView.swift; sourceTree = "<group>"; };
		842194E12C8C099B000B5D18 /* Assets.xcassets */ = {isa = PBXFileReference; lastKnownFileType = folder.assetcatalog; path = Assets.xcassets; sourceTree = "<group>"; };
		842194E42C8C099B000B5D18 /* Preview Assets.xcassets */ = {isa = PBXFileReference; lastKnownFileType = folder.assetcatalog; path = "Preview Assets.xcassets"; sourceTree = "<group>"; };
		842194EA2C8C099B000B5D18 /* pianovTests.xctest */ = {isa = PBXFileReference; explicitFileType = wrapper.cfbundle; includeInIndex = 0; path = pianovTests.xctest; sourceTree = BUILT_PRODUCTS_DIR; };
		842194EE2C8C099B000B5D18 /* pianovTests.swift */ = {isa = PBXFileReference; lastKnownFileType = sourcecode.swift; path = pianovTests.swift; sourceTree = "<group>"; };
		842194F42C8C099B000B5D18 /* pianovUITests.xctest */ = {isa = PBXFileReference; explicitFileType = wrapper.cfbundle; includeInIndex = 0; path = pianovUITests.xctest; sourceTree = BUILT_PRODUCTS_DIR; };
		842194F82C8C099B000B5D18 /* pianovUITests.swift */ = {isa = PBXFileReference; lastKnownFileType = sourcecode.swift; path = pianovUITests.swift; sourceTree = "<group>"; };
		842194FA2C8C099B000B5D18 /* pianovUITestsLaunchTests.swift */ = {isa = PBXFileReference; lastKnownFileType = sourcecode.swift; path = pianovUITestsLaunchTests.swift; sourceTree = "<group>"; };
		842195072C8C0BBF000B5D18 /* PianoViewModel.swift */ = {isa = PBXFileReference; lastKnownFileType = sourcecode.swift; path = PianoViewModel.swift; sourceTree = "<group>"; };
		842195092C8C0BEC000B5D18 /* PianoView.swift */ = {isa = PBXFileReference; lastKnownFileType = sourcecode.swift; path = PianoView.swift; sourceTree = "<group>"; };
		8421950B2C8C0CA5000B5D18 /* Mark-Northam-Married-Life-From-Up.mid */ = {isa = PBXFileReference; lastKnownFileType = audio.midi; path = "Mark-Northam-Married-Life-From-Up.mid"; sourceTree = "<group>"; };
/* End PBXFileReference section */

/* Begin PBXFrameworksBuildPhase section */
		842194D72C8C0999000B5D18 /* Frameworks */ = {
			isa = PBXFrameworksBuildPhase;
			buildActionMask = 2147483647;
			files = (
			);
			runOnlyForDeploymentPostprocessing = 0;
		};
		842194E72C8C099B000B5D18 /* Frameworks */ = {
			isa = PBXFrameworksBuildPhase;
			buildActionMask = 2147483647;
			files = (
			);
			runOnlyForDeploymentPostprocessing = 0;
		};
		842194F12C8C099B000B5D18 /* Frameworks */ = {
			isa = PBXFrameworksBuildPhase;
			buildActionMask = 2147483647;
			files = (
			);
			runOnlyForDeploymentPostprocessing = 0;
		};
/* End PBXFrameworksBuildPhase section */

/* Begin PBXGroup section */
		842194D12C8C0999000B5D18 = {
			isa = PBXGroup;
			children = (
				8421950B2C8C0CA5000B5D18 /* Mark-Northam-Married-Life-From-Up.mid */,
				842194DC2C8C0999000B5D18 /* pianov */,
				842194ED2C8C099B000B5D18 /* pianovTests */,
				842194F72C8C099B000B5D18 /* pianovUITests */,
				842194DB2C8C0999000B5D18 /* Products */,
			);
			sourceTree = "<group>";
		};
		842194DB2C8C0999000B5D18 /* Products */ = {
			isa = PBXGroup;
			children = (
				842194DA2C8C0999000B5D18 /* pianov.app */,
				842194EA2C8C099B000B5D18 /* pianovTests.xctest */,
				842194F42C8C099B000B5D18 /* pianovUITests.xctest */,
			);
			name = Products;
			sourceTree = "<group>";
		};
		842194DC2C8C0999000B5D18 /* pianov */ = {
			isa = PBXGroup;
			children = (
				842194DD2C8C0999000B5D18 /* pianovApp.swift */,
				842194DF2C8C0999000B5D18 /* ContentView.swift */,
				842195092C8C0BEC000B5D18 /* PianoView.swift */,
				842195072C8C0BBF000B5D18 /* PianoViewModel.swift */,
				842194E12C8C099B000B5D18 /* Assets.xcassets */,
				842194E32C8C099B000B5D18 /* Preview Content */,
			);
			path = pianov;
			sourceTree = "<group>";
		};
		842194E32C8C099B000B5D18 /* Preview Content */ = {
			isa = PBXGroup;
			children = (
				842194E42C8C099B000B5D18 /* Preview Assets.xcassets */,
			);
			path = "Preview Content";
			sourceTree = "<group>";
		};
		842194ED2C8C099B000B5D18 /* pianovTests */ = {
			isa = PBXGroup;
			children = (
				842194EE2C8C099B000B5D18 /* pianovTests.swift */,
			);
			path = pianovTests;
			sourceTree = "<group>";
		};
		842194F72C8C099B000B5D18 /* pianovUITests */ = {
			isa = PBXGroup;
			children = (
				842194F82C8C099B000B5D18 /* pianovUITests.swift */,
				842194FA2C8C099B000B5D18 /* pianovUITestsLaunchTests.swift */,
			);
			path = pianovUITests;
			sourceTree = "<group>";
		};
/* End PBXGroup section */

/* Begin PBXNativeTarget section */
		842194D92C8C0999000B5D18 /* pianov */ = {
			isa = PBXNativeTarget;
			buildConfigurationList = 842194FE2C8C099B000B5D18 /* Build configuration list for PBXNativeTarget "pianov" */;
			buildPhases = (
				842194D62C8C0999000B5D18 /* Sources */,
				842194D72C8C0999000B5D18 /* Frameworks */,
				842194D82C8C0999000B5D18 /* Resources */,
			);
			buildRules = (
			);
			dependencies = (
			);
			name = pianov;
			productName = pianov;
			productReference = 842194DA2C8C0999000B5D18 /* pianov.app */;
			productType = "com.apple.product-type.application";
		};
		842194E92C8C099B000B5D18 /* pianovTests */ = {
			isa = PBXNativeTarget;
			buildConfigurationList = 842195012C8C099B000B5D18 /* Build configuration list for PBXNativeTarget "pianovTests" */;
			buildPhases = (
				842194E62C8C099B000B5D18 /* Sources */,
				842194E72C8C099B000B5D18 /* Frameworks */,
				842194E82C8C099B000B5D18 /* Resources */,
			);
			buildRules = (
			);
			dependencies = (
				842194EC2C8C099B000B5D18 /* PBXTargetDependency */,
			);
			name = pianovTests;
			productName = pianovTests;
			productReference = 842194EA2C8C099B000B5D18 /* pianovTests.xctest */;
			productType = "com.apple.product-type.bundle.unit-test";
		};
		842194F32C8C099B000B5D18 /* pianovUITests */ = {
			isa = PBXNativeTarget;
			buildConfigurationList = 842195042C8C099B000B5D18 /* Build configuration list for PBXNativeTarget "pianovUITests" */;
			buildPhases = (
				842194F02C8C099B000B5D18 /* Sources */,
				842194F12C8C099B000B5D18 /* Frameworks */,
				842194F22C8C099B000B5D18 /* Resources */,
			);
			buildRules = (
			);
			dependencies = (
				842194F62C8C099B000B5D18 /* PBXTargetDependency */,
			);
			name = pianovUITests;
			productName = pianovUITests;
			productReference = 842194F42C8C099B000B5D18 /* pianovUITests.xctest */;
			productType = "com.apple.product-type.bundle.ui-testing";
		};
/* End PBXNativeTarget section */

/* Begin PBXProject section */
		842194D22C8C0999000B5D18 /* Project object */ = {
			isa = PBXProject;
			attributes = {
				BuildIndependentTargetsInParallel = 1;
				LastSwiftUpdateCheck = 1600;
				LastUpgradeCheck = 1600;
				TargetAttributes = {
					842194D92C8C0999000B5D18 = {
						CreatedOnToolsVersion = 16.0;
					};
					842194E92C8C099B000B5D18 = {
						CreatedOnToolsVersion = 16.0;
						TestTargetID = 842194D92C8C0999000B5D18;
					};
					842194F32C8C099B000B5D18 = {
						CreatedOnToolsVersion = 16.0;
						TestTargetID = 842194D92C8C0999000B5D18;
					};
				};
			};
			buildConfigurationList = 842194D52C8C0999000B5D18 /* Build configuration list for PBXProject "pianov" */;
			compatibilityVersion = "Xcode 15.0";
			developmentRegion = en;
			hasScannedForEncodings = 0;
			knownRegions = (
				en,
				Base,
			);
			mainGroup = 842194D12C8C0999000B5D18;
			packageReferences = (
				8421950D2C8C0D68000B5D18 /* XCRemoteSwiftPackageReference "MidiParser" */,
			);
			productRefGroup = 842194DB2C8C0999000B5D18 /* Products */;
			projectDirPath = "";
			projectRoot = "";
			targets = (
				842194D92C8C0999000B5D18 /* pianov */,
				842194E92C8C099B000B5D18 /* pianovTests */,
				842194F32C8C099B000B5D18 /* pianovUITests */,
			);
		};
/* End PBXProject section */

/* Begin PBXResourcesBuildPhase section */
		842194D82C8C0999000B5D18 /* Resources */ = {
			isa = PBXResourcesBuildPhase;
			buildActionMask = 2147483647;
			files = (
				8421950C2C8C0CA5000B5D18 /* Mark-Northam-Married-Life-From-Up.mid in Resources */,
				842194E52C8C099B000B5D18 /* Preview Assets.xcassets in Resources */,
				842194E22C8C099B000B5D18 /* Assets.xcassets in Resources */,
			);
			runOnlyForDeploymentPostprocessing = 0;
		};
		842194E82C8C099B000B5D18 /* Resources */ = {
			isa = PBXResourcesBuildPhase;
			buildActionMask = 2147483647;
			files = (
			);
			runOnlyForDeploymentPostprocessing = 0;
		};
		842194F22C8C099B000B5D18 /* Resources */ = {
			isa = PBXResourcesBuildPhase;
			buildActionMask = 2147483647;
			files = (
			);
			runOnlyForDeploymentPostprocessing = 0;
		};
/* End PBXResourcesBuildPhase section */

/* Begin PBXSourcesBuildPhase section */
		842194D62C8C0999000B5D18 /* Sources */ = {
			isa = PBXSourcesBuildPhase;
			buildActionMask = 2147483647;
			files = (
				8421950A2C8C0BF1000B5D18 /* PianoView.swift in Sources */,
				842195082C8C0BCA000B5D18 /* PianoViewModel.swift in Sources */,
				842194E02C8C0999000B5D18 /* ContentView.swift in Sources */,
				842194DE2C8C0999000B5D18 /* pianovApp.swift in Sources */,
			);
			runOnlyForDeploymentPostprocessing = 0;
		};
		842194E62C8C099B000B5D18 /* Sources */ = {
			isa = PBXSourcesBuildPhase;
			buildActionMask = 2147483647;
			files = (
				842194EF2C8C099B000B5D18 /* pianovTests.swift in Sources */,
			);
			runOnlyForDeploymentPostprocessing = 0;
		};
		842194F02C8C099B000B5D18 /* Sources */ = {
			isa = PBXSourcesBuildPhase;
			buildActionMask = 2147483647;
			files = (
				842194F92C8C099B000B5D18 /* pianovUITests.swift in Sources */,
				842194FB2C8C099B000B5D18 /* pianovUITestsLaunchTests.swift in Sources */,
			);
			runOnlyForDeploymentPostprocessing = 0;
		};
/* End PBXSourcesBuildPhase section */

/* Begin PBXTargetDependency section */
		842194EC2C8C099B000B5D18 /* PBXTargetDependency */ = {
			isa = PBXTargetDependency;
			target = 842194D92C8C0999000B5D18 /* pianov */;
			targetProxy = 842194EB2C8C099B000B5D18 /* PBXContainerItemProxy */;
		};
		842194F62C8C099B000B5D18 /* PBXTargetDependency */ = {
			isa = PBXTargetDependency;
			target = 842194D92C8C0999000B5D18 /* pianov */;
			targetProxy = 842194F52C8C099B000B5D18 /* PBXContainerItemProxy */;
		};
/* End PBXTargetDependency section */

/* Begin XCBuildConfiguration section */
		842194FC2C8C099B000B5D18 /* Debug */ = {
			isa = XCBuildConfiguration;
			buildSettings = {
				ALWAYS_SEARCH_USER_PATHS = NO;
				ASSETCATALOG_COMPILER_GENERATE_SWIFT_ASSET_SYMBOL_EXTENSIONS = YES;
				CLANG_ANALYZER_NONNULL = YES;
				CLANG_ANALYZER_NUMBER_OBJECT_CONVERSION = YES_AGGRESSIVE;
				CLANG_CXX_LANGUAGE_STANDARD = "gnu++20";
				CLANG_ENABLE_MODULES = YES;
				CLANG_ENABLE_OBJC_ARC = YES;
				CLANG_ENABLE_OBJC_WEAK = YES;
				CLANG_WARN_BLOCK_CAPTURE_AUTORELEASING = YES;
				CLANG_WARN_BOOL_CONVERSION = YES;
				CLANG_WARN_COMMA = YES;
				CLANG_WARN_CONSTANT_CONVERSION = YES;
				CLANG_WARN_DEPRECATED_OBJC_IMPLEMENTATIONS = YES;
				CLANG_WARN_DIRECT_OBJC_ISA_USAGE = YES_ERROR;
				CLANG_WARN_DOCUMENTATION_COMMENTS = YES;
				CLANG_WARN_EMPTY_BODY = YES;
				CLANG_WARN_ENUM_CONVERSION = YES;
				CLANG_WARN_INFINITE_RECURSION = YES;
				CLANG_WARN_INT_CONVERSION = YES;
				CLANG_WARN_NON_LITERAL_NULL_CONVERSION = YES;
				CLANG_WARN_OBJC_IMPLICIT_RETAIN_SELF = YES;
				CLANG_WARN_OBJC_LITERAL_CONVERSION = YES;
				CLANG_WARN_OBJC_ROOT_CLASS = YES_ERROR;
				CLANG_WARN_QUOTED_INCLUDE_IN_FRAMEWORK_HEADER = YES;
				CLANG_WARN_RANGE_LOOP_ANALYSIS = YES;
				CLANG_WARN_STRICT_PROTOTYPES = YES;
				CLANG_WARN_SUSPICIOUS_MOVE = YES;
				CLANG_WARN_UNGUARDED_AVAILABILITY = YES_AGGRESSIVE;
				CLANG_WARN_UNREACHABLE_CODE = YES;
				CLANG_WARN__DUPLICATE_METHOD_MATCH = YES;
				COPY_PHASE_STRIP = NO;
				DEBUG_INFORMATION_FORMAT = dwarf;
				ENABLE_STRICT_OBJC_MSGSEND = YES;
				ENABLE_TESTABILITY = YES;
				ENABLE_USER_SCRIPT_SANDBOXING = YES;
				GCC_C_LANGUAGE_STANDARD = gnu17;
				GCC_DYNAMIC_NO_PIC = NO;
				GCC_NO_COMMON_BLOCKS = YES;
				GCC_OPTIMIZATION_LEVEL = 0;
				GCC_PREPROCESSOR_DEFINITIONS = (
					"DEBUG=1",
					"$(inherited)",
				);
				GCC_WARN_64_TO_32_BIT_CONVERSION = YES;
				GCC_WARN_ABOUT_RETURN_TYPE = YES_ERROR;
				GCC_WARN_UNDECLARED_SELECTOR = YES;
				GCC_WARN_UNINITIALIZED_AUTOS = YES_AGGRESSIVE;
				GCC_WARN_UNUSED_FUNCTION = YES;
				GCC_WARN_UNUSED_VARIABLE = YES;
				IPHONEOS_DEPLOYMENT_TARGET = 18.0;
				LOCALIZATION_PREFERS_STRING_CATALOGS = YES;
				MTL_ENABLE_DEBUG_INFO = INCLUDE_SOURCE;
				MTL_FAST_MATH = YES;
				ONLY_ACTIVE_ARCH = YES;
				SDKROOT = iphoneos;
				SWIFT_ACTIVE_COMPILATION_CONDITIONS = "DEBUG $(inherited)";
				SWIFT_OPTIMIZATION_LEVEL = "-Onone";
			};
			name = Debug;
		};
		842194FD2C8C099B000B5D18 /* Release */ = {
			isa = XCBuildConfiguration;
			buildSettings = {
				ALWAYS_SEARCH_USER_PATHS = NO;
				ASSETCATALOG_COMPILER_GENERATE_SWIFT_ASSET_SYMBOL_EXTENSIONS = YES;
				CLANG_ANALYZER_NONNULL = YES;
				CLANG_ANALYZER_NUMBER_OBJECT_CONVERSION = YES_AGGRESSIVE;
				CLANG_CXX_LANGUAGE_STANDARD = "gnu++20";
				CLANG_ENABLE_MODULES = YES;
				CLANG_ENABLE_OBJC_ARC = YES;
				CLANG_ENABLE_OBJC_WEAK = YES;
				CLANG_WARN_BLOCK_CAPTURE_AUTORELEASING = YES;
				CLANG_WARN_BOOL_CONVERSION = YES;
				CLANG_WARN_COMMA = YES;
				CLANG_WARN_CONSTANT_CONVERSION = YES;
				CLANG_WARN_DEPRECATED_OBJC_IMPLEMENTATIONS = YES;
				CLANG_WARN_DIRECT_OBJC_ISA_USAGE = YES_ERROR;
				CLANG_WARN_DOCUMENTATION_COMMENTS = YES;
				CLANG_WARN_EMPTY_BODY = YES;
				CLANG_WARN_ENUM_CONVERSION = YES;
				CLANG_WARN_INFINITE_RECURSION = YES;
				CLANG_WARN_INT_CONVERSION = YES;
				CLANG_WARN_NON_LITERAL_NULL_CONVERSION = YES;
				CLANG_WARN_OBJC_IMPLICIT_RETAIN_SELF = YES;
				CLANG_WARN_OBJC_LITERAL_CONVERSION = YES;
				CLANG_WARN_OBJC_ROOT_CLASS = YES_ERROR;
				CLANG_WARN_QUOTED_INCLUDE_IN_FRAMEWORK_HEADER = YES;
				CLANG_WARN_RANGE_LOOP_ANALYSIS = YES;
				CLANG_WARN_STRICT_PROTOTYPES = YES;
				CLANG_WARN_SUSPICIOUS_MOVE = YES;
				CLANG_WARN_UNGUARDED_AVAILABILITY = YES_AGGRESSIVE;
				CLANG_WARN_UNREACHABLE_CODE = YES;
				CLANG_WARN__DUPLICATE_METHOD_MATCH = YES;
				COPY_PHASE_STRIP = NO;
				DEBUG_INFORMATION_FORMAT = "dwarf-with-dsym";
				ENABLE_NS_ASSERTIONS = NO;
				ENABLE_STRICT_OBJC_MSGSEND = YES;
				ENABLE_USER_SCRIPT_SANDBOXING = YES;
				GCC_C_LANGUAGE_STANDARD = gnu17;
				GCC_NO_COMMON_BLOCKS = YES;
				GCC_WARN_64_TO_32_BIT_CONVERSION = YES;
				GCC_WARN_ABOUT_RETURN_TYPE = YES_ERROR;
				GCC_WARN_UNDECLARED_SELECTOR = YES;
				GCC_WARN_UNINITIALIZED_AUTOS = YES_AGGRESSIVE;
				GCC_WARN_UNUSED_FUNCTION = YES;
				GCC_WARN_UNUSED_VARIABLE = YES;
				IPHONEOS_DEPLOYMENT_TARGET = 18.0;
				LOCALIZATION_PREFERS_STRING_CATALOGS = YES;
				MTL_ENABLE_DEBUG_INFO = NO;
				MTL_FAST_MATH = YES;
				SDKROOT = iphoneos;
				SWIFT_COMPILATION_MODE = wholemodule;
				VALIDATE_PRODUCT = YES;
			};
			name = Release;
		};
		842194FF2C8C099B000B5D18 /* Debug */ = {
			isa = XCBuildConfiguration;
			buildSettings = {
				ASSETCATALOG_COMPILER_APPICON_NAME = AppIcon;
				ASSETCATALOG_COMPILER_GLOBAL_ACCENT_COLOR_NAME = AccentColor;
				CODE_SIGN_STYLE = Automatic;
				CURRENT_PROJECT_VERSION = 1;
				DEVELOPMENT_ASSET_PATHS = "\"pianov/Preview Content\"";
				DEVELOPMENT_TEAM = KFJP47U3MW;
				ENABLE_PREVIEWS = YES;
				GENERATE_INFOPLIST_FILE = YES;
				INFOPLIST_KEY_UIApplicationSceneManifest_Generation = YES;
				INFOPLIST_KEY_UIApplicationSupportsIndirectInputEvents = YES;
				INFOPLIST_KEY_UILaunchScreen_Generation = YES;
				INFOPLIST_KEY_UISupportedInterfaceOrientations_iPad = "UIInterfaceOrientationPortrait UIInterfaceOrientationPortraitUpsideDown UIInterfaceOrientationLandscapeLeft UIInterfaceOrientationLandscapeRight";
				INFOPLIST_KEY_UISupportedInterfaceOrientations_iPhone = "UIInterfaceOrientationPortrait UIInterfaceOrientationLandscapeLeft UIInterfaceOrientationLandscapeRight";
				LD_RUNPATH_SEARCH_PATHS = (
					"$(inherited)",
					"@executable_path/Frameworks",
				);
				MARKETING_VERSION = 1.0;
				PRODUCT_BUNDLE_IDENTIFIER = rockenzo.pianov;
				PRODUCT_NAME = "$(TARGET_NAME)";
				SWIFT_EMIT_LOC_STRINGS = YES;
				SWIFT_VERSION = 5.0;
				TARGETED_DEVICE_FAMILY = "1,2";
			};
			name = Debug;
		};
		842195002C8C099B000B5D18 /* Release */ = {
			isa = XCBuildConfiguration;
			buildSettings = {
				ASSETCATALOG_COMPILER_APPICON_NAME = AppIcon;
				ASSETCATALOG_COMPILER_GLOBAL_ACCENT_COLOR_NAME = AccentColor;
				CODE_SIGN_STYLE = Automatic;
				CURRENT_PROJECT_VERSION = 1;
				DEVELOPMENT_ASSET_PATHS = "\"pianov/Preview Content\"";
				DEVELOPMENT_TEAM = KFJP47U3MW;
				ENABLE_PREVIEWS = YES;
				GENERATE_INFOPLIST_FILE = YES;
				INFOPLIST_KEY_UIApplicationSceneManifest_Generation = YES;
				INFOPLIST_KEY_UIApplicationSupportsIndirectInputEvents = YES;
				INFOPLIST_KEY_UILaunchScreen_Generation = YES;
				INFOPLIST_KEY_UISupportedInterfaceOrientations_iPad = "UIInterfaceOrientationPortrait UIInterfaceOrientationPortraitUpsideDown UIInterfaceOrientationLandscapeLeft UIInterfaceOrientationLandscapeRight";
				INFOPLIST_KEY_UISupportedInterfaceOrientations_iPhone = "UIInterfaceOrientationPortrait UIInterfaceOrientationLandscapeLeft UIInterfaceOrientationLandscapeRight";
				LD_RUNPATH_SEARCH_PATHS = (
					"$(inherited)",
					"@executable_path/Frameworks",
				);
				MARKETING_VERSION = 1.0;
				PRODUCT_BUNDLE_IDENTIFIER = rockenzo.pianov;
				PRODUCT_NAME = "$(TARGET_NAME)";
				SWIFT_EMIT_LOC_STRINGS = YES;
				SWIFT_VERSION = 5.0;
				TARGETED_DEVICE_FAMILY = "1,2";
			};
			name = Release;
		};
		842195022C8C099B000B5D18 /* Debug */ = {
			isa = XCBuildConfiguration;
			buildSettings = {
				BUNDLE_LOADER = "$(TEST_HOST)";
				CODE_SIGN_STYLE = Automatic;
				CURRENT_PROJECT_VERSION = 1;
				DEVELOPMENT_TEAM = KFJP47U3MW;
				GENERATE_INFOPLIST_FILE = YES;
				IPHONEOS_DEPLOYMENT_TARGET = 18.0;
				MARKETING_VERSION = 1.0;
				PRODUCT_BUNDLE_IDENTIFIER = rockenzo.pianovTests;
				PRODUCT_NAME = "$(TARGET_NAME)";
				SWIFT_EMIT_LOC_STRINGS = NO;
				SWIFT_VERSION = 5.0;
				TARGETED_DEVICE_FAMILY = "1,2";
				TEST_HOST = "$(BUILT_PRODUCTS_DIR)/pianov.app/$(BUNDLE_EXECUTABLE_FOLDER_PATH)/pianov";
			};
			name = Debug;
		};
		842195032C8C099B000B5D18 /* Release */ = {
			isa = XCBuildConfiguration;
			buildSettings = {
				BUNDLE_LOADER = "$(TEST_HOST)";
				CODE_SIGN_STYLE = Automatic;
				CURRENT_PROJECT_VERSION = 1;
				DEVELOPMENT_TEAM = KFJP47U3MW;
				GENERATE_INFOPLIST_FILE = YES;
				IPHONEOS_DEPLOYMENT_TARGET = 18.0;
				MARKETING_VERSION = 1.0;
				PRODUCT_BUNDLE_IDENTIFIER = rockenzo.pianovTests;
				PRODUCT_NAME = "$(TARGET_NAME)";
				SWIFT_EMIT_LOC_STRINGS = NO;
				SWIFT_VERSION = 5.0;
				TARGETED_DEVICE_FAMILY = "1,2";
				TEST_HOST = "$(BUILT_PRODUCTS_DIR)/pianov.app/$(BUNDLE_EXECUTABLE_FOLDER_PATH)/pianov";
			};
			name = Release;
		};
		842195052C8C099B000B5D18 /* Debug */ = {
			isa = XCBuildConfiguration;
			buildSettings = {
				CODE_SIGN_STYLE = Automatic;
				CURRENT_PROJECT_VERSION = 1;
				DEVELOPMENT_TEAM = KFJP47U3MW;
				GENERATE_INFOPLIST_FILE = YES;
				MARKETING_VERSION = 1.0;
				PRODUCT_BUNDLE_IDENTIFIER = rockenzo.pianovUITests;
				PRODUCT_NAME = "$(TARGET_NAME)";
				SWIFT_EMIT_LOC_STRINGS = NO;
				SWIFT_VERSION = 5.0;
				TARGETED_DEVICE_FAMILY = "1,2";
				TEST_TARGET_NAME = pianov;
			};
			name = Debug;
		};
		842195062C8C099B000B5D18 /* Release */ = {
			isa = XCBuildConfiguration;
			buildSettings = {
				CODE_SIGN_STYLE = Automatic;
				CURRENT_PROJECT_VERSION = 1;
				DEVELOPMENT_TEAM = KFJP47U3MW;
				GENERATE_INFOPLIST_FILE = YES;
				MARKETING_VERSION = 1.0;
				PRODUCT_BUNDLE_IDENTIFIER = rockenzo.pianovUITests;
				PRODUCT_NAME = "$(TARGET_NAME)";
				SWIFT_EMIT_LOC_STRINGS = NO;
				SWIFT_VERSION = 5.0;
				TARGETED_DEVICE_FAMILY = "1,2";
				TEST_TARGET_NAME = pianov;
			};
			name = Release;
		};
/* End XCBuildConfiguration section */

/* Begin XCConfigurationList section */
		842194D52C8C0999000B5D18 /* Build configuration list for PBXProject "pianov" */ = {
			isa = XCConfigurationList;
			buildConfigurations = (
				842194FC2C8C099B000B5D18 /* Debug */,
				842194FD2C8C099B000B5D18 /* Release */,
			);
			defaultConfigurationIsVisible = 0;
			defaultConfigurationName = Release;
		};
		842194FE2C8C099B000B5D18 /* Build configuration list for PBXNativeTarget "pianov" */ = {
			isa = XCConfigurationList;
			buildConfigurations = (
				842194FF2C8C099B000B5D18 /* Debug */,
				842195002C8C099B000B5D18 /* Release */,
			);
			defaultConfigurationIsVisible = 0;
			defaultConfigurationName = Release;
		};
		842195012C8C099B000B5D18 /* Build configuration list for PBXNativeTarget "pianovTests" */ = {
			isa = XCConfigurationList;
			buildConfigurations = (
				842195022C8C099B000B5D18 /* Debug */,
				842195032C8C099B000B5D18 /* Release */,
			);
			defaultConfigurationIsVisible = 0;
			defaultConfigurationName = Release;
		};
		842195042C8C099B000B5D18 /* Build configuration list for PBXNativeTarget "pianovUITests" */ = {
			isa = XCConfigurationList;
			buildConfigurations = (
				842195052C8C099B000B5D18 /* Debug */,
				842195062C8C099B000B5D18 /* Release */,
			);
			defaultConfigurationIsVisible = 0;
			defaultConfigurationName = Release;
		};
/* End XCConfigurationList section */

/* Begin XCRemoteSwiftPackageReference section */
		8421950D2C8C0D68000B5D18 /* XCRemoteSwiftPackageReference "MidiParser" */ = {
			isa = XCRemoteSwiftPackageReference;
			repositoryURL = "https://github.com/matsune/MidiParser.git";
			requirement = {
				kind = upToNextMajorVersion;
				minimumVersion = 0.2.0;
			};
		};
/* End XCRemoteSwiftPackageReference section */
	};
	rootObject = 842194D22C8C0999000B5D18 /* Project object */;
}
